// !$*UTF8*$!
{
	archiveVersion = 1;
	classes = {
	};
	objectVersion = 47;
	objects = {

/* Begin PBXBuildFile section */
		6636EFFF1F89CD8F0000D99A /* TapDownGestureRecognizer.swift in Sources */ = {isa = PBXBuildFile; fileRef = 6636EFFE1F89CD8F0000D99A /* TapDownGestureRecognizer.swift */; };
		668726801F84830200AA62FA /* CustomHeightSlider.swift in Sources */ = {isa = PBXBuildFile; fileRef = 6687267F1F84830200AA62FA /* CustomHeightSlider.swift */; };
		6695724D1C2C6024001BF1FF /* BeatView.swift in Sources */ = {isa = PBXBuildFile; fileRef = 6695724C1C2C6024001BF1FF /* BeatView.swift */; };
		66C553B61D1383BE00FE56B4 /* MetronomeLogic.swift in Sources */ = {isa = PBXBuildFile; fileRef = 66C553B51D1383BE00FE56B4 /* MetronomeLogic.swift */; };
		66CA84151F8682F7001E3485 /* beatClick.wav in Resources */ = {isa = PBXBuildFile; fileRef = 66CA84141F868112001E3485 /* beatClick.wav */; };
		66CA84161F8682F9001E3485 /* beatClick.aiff in Resources */ = {isa = PBXBuildFile; fileRef = 66CA84131F8680A1001E3485 /* beatClick.aiff */; };
		66E4D1F21D164A4300811CCA /* BeatCircleView.xib in Resources */ = {isa = PBXBuildFile; fileRef = 66E4D1F11D164A4300811CCA /* BeatCircleView.xib */; };
		66E4D1F41D16532900811CCA /* BeatContainerView.swift in Sources */ = {isa = PBXBuildFile; fileRef = 66E4D1F31D16532900811CCA /* BeatContainerView.swift */; };
		66E98B8A1C2919C00097E58E /* downBeatClick.mp3 in Resources */ = {isa = PBXBuildFile; fileRef = 66E98B881C2919C00097E58E /* downBeatClick.mp3 */; };
		66E98B8B1C2919C00097E58E /* metronomeClick.mp3 in Resources */ = {isa = PBXBuildFile; fileRef = 66E98B891C2919C00097E58E /* metronomeClick.mp3 */; };
		B897AC7719E4AC8700820251 /* AppDelegate.swift in Sources */ = {isa = PBXBuildFile; fileRef = B897AC7619E4AC8700820251 /* AppDelegate.swift */; };
		B897AC7919E4AC8700820251 /* MetronomeViewController.swift in Sources */ = {isa = PBXBuildFile; fileRef = B897AC7819E4AC8700820251 /* MetronomeViewController.swift */; };
		B897AC7C19E4AC8700820251 /* Main.storyboard in Resources */ = {isa = PBXBuildFile; fileRef = B897AC7A19E4AC8700820251 /* Main.storyboard */; };
		B897AC7E19E4AC8700820251 /* Images.xcassets in Resources */ = {isa = PBXBuildFile; fileRef = B897AC7D19E4AC8700820251 /* Images.xcassets */; };
		B897AC8119E4AC8700820251 /* LaunchScreen.xib in Resources */ = {isa = PBXBuildFile; fileRef = B897AC7F19E4AC8700820251 /* LaunchScreen.xib */; };
		B897AC8D19E4AC8700820251 /* Metronome_SwiftTests.swift in Sources */ = {isa = PBXBuildFile; fileRef = B897AC8C19E4AC8700820251 /* Metronome_SwiftTests.swift */; };
/* End PBXBuildFile section */

/* Begin PBXContainerItemProxy section */
		B897AC8719E4AC8700820251 /* PBXContainerItemProxy */ = {
			isa = PBXContainerItemProxy;
			containerPortal = B897AC6919E4AC8700820251 /* Project object */;
			proxyType = 1;
			remoteGlobalIDString = B897AC7019E4AC8700820251;
			remoteInfo = "Metronome-Swift";
		};
/* End PBXContainerItemProxy section */

/* Begin PBXFileReference section */
		6636EFFE1F89CD8F0000D99A /* TapDownGestureRecognizer.swift */ = {isa = PBXFileReference; lastKnownFileType = sourcecode.swift; path = TapDownGestureRecognizer.swift; sourceTree = "<group>"; };
		6687267F1F84830200AA62FA /* CustomHeightSlider.swift */ = {isa = PBXFileReference; lastKnownFileType = sourcecode.swift; path = CustomHeightSlider.swift; sourceTree = "<group>"; };
		6695724C1C2C6024001BF1FF /* BeatView.swift */ = {isa = PBXFileReference; fileEncoding = 4; lastKnownFileType = sourcecode.swift; path = BeatView.swift; sourceTree = "<group>"; };
		66C553B51D1383BE00FE56B4 /* MetronomeLogic.swift */ = {isa = PBXFileReference; fileEncoding = 4; lastKnownFileType = sourcecode.swift; path = MetronomeLogic.swift; sourceTree = "<group>"; };
		66CA84131F8680A1001E3485 /* beatClick.aiff */ = {isa = PBXFileReference; lastKnownFileType = audio.aiff; path = beatClick.aiff; sourceTree = "<group>"; };
		66CA84141F868112001E3485 /* beatClick.wav */ = {isa = PBXFileReference; lastKnownFileType = audio.wav; name = beatClick.wav; path = resources/beatClick.wav; sourceTree = SOURCE_ROOT; };
		66E4D1F11D164A4300811CCA /* BeatCircleView.xib */ = {isa = PBXFileReference; fileEncoding = 4; lastKnownFileType = file.xib; path = BeatCircleView.xib; sourceTree = "<group>"; };
		66E4D1F31D16532900811CCA /* BeatContainerView.swift */ = {isa = PBXFileReference; fileEncoding = 4; lastKnownFileType = sourcecode.swift; path = BeatContainerView.swift; sourceTree = "<group>"; };
		66E98B881C2919C00097E58E /* downBeatClick.mp3 */ = {isa = PBXFileReference; lastKnownFileType = audio.mp3; path = downBeatClick.mp3; sourceTree = "<group>"; };
		66E98B891C2919C00097E58E /* metronomeClick.mp3 */ = {isa = PBXFileReference; lastKnownFileType = audio.mp3; path = metronomeClick.mp3; sourceTree = "<group>"; };
		B897AC7119E4AC8700820251 /* TAP Metronome-Swift.app */ = {isa = PBXFileReference; explicitFileType = wrapper.application; includeInIndex = 0; path = "TAP Metronome-Swift.app"; sourceTree = BUILT_PRODUCTS_DIR; };
		B897AC7519E4AC8700820251 /* Info.plist */ = {isa = PBXFileReference; lastKnownFileType = text.plist.xml; path = Info.plist; sourceTree = "<group>"; };
		B897AC7619E4AC8700820251 /* AppDelegate.swift */ = {isa = PBXFileReference; lastKnownFileType = sourcecode.swift; path = AppDelegate.swift; sourceTree = "<group>"; };
		B897AC7819E4AC8700820251 /* MetronomeViewController.swift */ = {isa = PBXFileReference; lastKnownFileType = sourcecode.swift; path = MetronomeViewController.swift; sourceTree = "<group>"; };
		B897AC7B19E4AC8700820251 /* Base */ = {isa = PBXFileReference; lastKnownFileType = file.storyboard; name = Base; path = Base.lproj/Main.storyboard; sourceTree = "<group>"; };
		B897AC7D19E4AC8700820251 /* Images.xcassets */ = {isa = PBXFileReference; lastKnownFileType = folder.assetcatalog; path = Images.xcassets; sourceTree = "<group>"; };
		B897AC8019E4AC8700820251 /* Base */ = {isa = PBXFileReference; lastKnownFileType = file.xib; name = Base; path = Base.lproj/LaunchScreen.xib; sourceTree = "<group>"; };
		B897AC8619E4AC8700820251 /* TAP Metronome-SwiftTests.xctest */ = {isa = PBXFileReference; explicitFileType = wrapper.cfbundle; includeInIndex = 0; path = "TAP Metronome-SwiftTests.xctest"; sourceTree = BUILT_PRODUCTS_DIR; };
		B897AC8B19E4AC8700820251 /* Info.plist */ = {isa = PBXFileReference; lastKnownFileType = text.plist.xml; path = Info.plist; sourceTree = "<group>"; };
		B897AC8C19E4AC8700820251 /* Metronome_SwiftTests.swift */ = {isa = PBXFileReference; lastKnownFileType = sourcecode.swift; path = Metronome_SwiftTests.swift; sourceTree = "<group>"; };
/* End PBXFileReference section */

/* Begin PBXFrameworksBuildPhase section */
		B897AC6E19E4AC8700820251 /* Frameworks */ = {
			isa = PBXFrameworksBuildPhase;
			buildActionMask = 2147483647;
			files = (
			);
			runOnlyForDeploymentPostprocessing = 0;
		};
		B897AC8319E4AC8700820251 /* Frameworks */ = {
			isa = PBXFrameworksBuildPhase;
			buildActionMask = 2147483647;
			files = (
			);
			runOnlyForDeploymentPostprocessing = 0;
		};
/* End PBXFrameworksBuildPhase section */

/* Begin PBXGroup section */
		B897AC6819E4AC8700820251 = {
			isa = PBXGroup;
			children = (
				B897AC7319E4AC8700820251 /* TAPMetronome */,
				B897AC8919E4AC8700820251 /* TAPMetronome Test */,
				B897AC7219E4AC8700820251 /* Products */,
			);
			sourceTree = "<group>";
		};
		B897AC7219E4AC8700820251 /* Products */ = {
			isa = PBXGroup;
			children = (
				B897AC7119E4AC8700820251 /* TAP Metronome-Swift.app */,
				B897AC8619E4AC8700820251 /* TAP Metronome-SwiftTests.xctest */,
			);
			name = Products;
			sourceTree = "<group>";
		};
		B897AC7319E4AC8700820251 /* TAPMetronome */ = {
			isa = PBXGroup;
			children = (
				B897AC7619E4AC8700820251 /* AppDelegate.swift */,
				66E4D1F31D16532900811CCA /* BeatContainerView.swift */,
				6695724C1C2C6024001BF1FF /* BeatView.swift */,
				6687267F1F84830200AA62FA /* CustomHeightSlider.swift */,
				B897AC7819E4AC8700820251 /* MetronomeViewController.swift */,
				66C553B51D1383BE00FE56B4 /* MetronomeLogic.swift */,
				6636EFFE1F89CD8F0000D99A /* TapDownGestureRecognizer.swift */,
				B897AC7A19E4AC8700820251 /* Main.storyboard */,
				B897AC7D19E4AC8700820251 /* Images.xcassets */,
				66E4D1F11D164A4300811CCA /* BeatCircleView.xib */,
				B897AC7F19E4AC8700820251 /* LaunchScreen.xib */,
				66CA84141F868112001E3485 /* beatClick.wav */,
				66CA84131F8680A1001E3485 /* beatClick.aiff */,
				66E98B881C2919C00097E58E /* downBeatClick.mp3 */,
				66E98B891C2919C00097E58E /* metronomeClick.mp3 */,
				B897AC7419E4AC8700820251 /* Supporting Files */,
			);
			name = TAPMetronome;
			path = "Metronome-Swift";
			sourceTree = "<group>";
		};
		B897AC7419E4AC8700820251 /* Supporting Files */ = {
			isa = PBXGroup;
			children = (
				B897AC7519E4AC8700820251 /* Info.plist */,
			);
			name = "Supporting Files";
			sourceTree = "<group>";
		};
		B897AC8919E4AC8700820251 /* TAPMetronome Test */ = {
			isa = PBXGroup;
			children = (
				B897AC8C19E4AC8700820251 /* Metronome_SwiftTests.swift */,
				B897AC8A19E4AC8700820251 /* Supporting Files */,
			);
			name = "TAPMetronome Test";
			path = "Metronome-SwiftTests";
			sourceTree = "<group>";
		};
		B897AC8A19E4AC8700820251 /* Supporting Files */ = {
			isa = PBXGroup;
			children = (
				B897AC8B19E4AC8700820251 /* Info.plist */,
			);
			name = "Supporting Files";
			sourceTree = "<group>";
		};
/* End PBXGroup section */

/* Begin PBXNativeTarget section */
		B897AC7019E4AC8700820251 /* TAP Metronome-Swift */ = {
			isa = PBXNativeTarget;
			buildConfigurationList = B897AC9019E4AC8700820251 /* Build configuration list for PBXNativeTarget "TAP Metronome-Swift" */;
			buildPhases = (
				B897AC6D19E4AC8700820251 /* Sources */,
				B897AC6E19E4AC8700820251 /* Frameworks */,
				B897AC6F19E4AC8700820251 /* Resources */,
			);
			buildRules = (
			);
			dependencies = (
			);
			name = "TAP Metronome-Swift";
			productName = "Metronome-Swift";
			productReference = B897AC7119E4AC8700820251 /* TAP Metronome-Swift.app */;
			productType = "com.apple.product-type.application";
		};
		B897AC8519E4AC8700820251 /* TAP Metronome-SwiftTests */ = {
			isa = PBXNativeTarget;
			buildConfigurationList = B897AC9319E4AC8700820251 /* Build configuration list for PBXNativeTarget "TAP Metronome-SwiftTests" */;
			buildPhases = (
				B897AC8219E4AC8700820251 /* Sources */,
				B897AC8319E4AC8700820251 /* Frameworks */,
				B897AC8419E4AC8700820251 /* Resources */,
			);
			buildRules = (
			);
			dependencies = (
				B897AC8819E4AC8700820251 /* PBXTargetDependency */,
			);
			name = "TAP Metronome-SwiftTests";
			productName = "Metronome-SwiftTests";
			productReference = B897AC8619E4AC8700820251 /* TAP Metronome-SwiftTests.xctest */;
			productType = "com.apple.product-type.bundle.unit-test";
		};
/* End PBXNativeTarget section */

/* Begin PBXProject section */
		B897AC6919E4AC8700820251 /* Project object */ = {
			isa = PBXProject;
			attributes = {
				LastUpgradeCheck = 0600;
				ORGANIZATIONNAME = "Adam Thompson";
				TargetAttributes = {
					B897AC7019E4AC8700820251 = {
						CreatedOnToolsVersion = 6.0.1;
						DevelopmentTeam = F9JXH3N2LB;
						LastSwiftMigration = 0800;
					};
					B897AC8519E4AC8700820251 = {
						CreatedOnToolsVersion = 6.0.1;
						DevelopmentTeam = F9JXH3N2LB;
						TestTargetID = B897AC7019E4AC8700820251;
					};
				};
			};
			buildConfigurationList = B897AC6C19E4AC8700820251 /* Build configuration list for PBXProject "TAP Metronome" */;
			compatibilityVersion = "Xcode 6.3";
			developmentRegion = English;
			hasScannedForEncodings = 0;
			knownRegions = (
				en,
				Base,
			);
			mainGroup = B897AC6819E4AC8700820251;
			productRefGroup = B897AC7219E4AC8700820251 /* Products */;
			projectDirPath = "";
			projectRoot = "";
			targets = (
				B897AC7019E4AC8700820251 /* TAP Metronome-Swift */,
				B897AC8519E4AC8700820251 /* TAP Metronome-SwiftTests */,
			);
		};
/* End PBXProject section */

/* Begin PBXResourcesBuildPhase section */
		B897AC6F19E4AC8700820251 /* Resources */ = {
			isa = PBXResourcesBuildPhase;
			buildActionMask = 2147483647;
			files = (
				B897AC7C19E4AC8700820251 /* Main.storyboard in Resources */,
				66E98B8A1C2919C00097E58E /* downBeatClick.mp3 in Resources */,
				66CA84151F8682F7001E3485 /* beatClick.wav in Resources */,
				B897AC8119E4AC8700820251 /* LaunchScreen.xib in Resources */,
				66CA84161F8682F9001E3485 /* beatClick.aiff in Resources */,
				B897AC7E19E4AC8700820251 /* Images.xcassets in Resources */,
				66E4D1F21D164A4300811CCA /* BeatCircleView.xib in Resources */,
				66E98B8B1C2919C00097E58E /* metronomeClick.mp3 in Resources */,
			);
			runOnlyForDeploymentPostprocessing = 0;
		};
		B897AC8419E4AC8700820251 /* Resources */ = {
			isa = PBXResourcesBuildPhase;
			buildActionMask = 2147483647;
			files = (
			);
			runOnlyForDeploymentPostprocessing = 0;
		};
/* End PBXResourcesBuildPhase section */

/* Begin PBXSourcesBuildPhase section */
		B897AC6D19E4AC8700820251 /* Sources */ = {
			isa = PBXSourcesBuildPhase;
			buildActionMask = 2147483647;
			files = (
				66E4D1F41D16532900811CCA /* BeatContainerView.swift in Sources */,
				B897AC7919E4AC8700820251 /* MetronomeViewController.swift in Sources */,
				B897AC7719E4AC8700820251 /* AppDelegate.swift in Sources */,
				6636EFFF1F89CD8F0000D99A /* TapDownGestureRecognizer.swift in Sources */,
				6695724D1C2C6024001BF1FF /* BeatView.swift in Sources */,
				66C553B61D1383BE00FE56B4 /* MetronomeLogic.swift in Sources */,
				668726801F84830200AA62FA /* CustomHeightSlider.swift in Sources */,
			);
			runOnlyForDeploymentPostprocessing = 0;
		};
		B897AC8219E4AC8700820251 /* Sources */ = {
			isa = PBXSourcesBuildPhase;
			buildActionMask = 2147483647;
			files = (
				B897AC8D19E4AC8700820251 /* Metronome_SwiftTests.swift in Sources */,
			);
			runOnlyForDeploymentPostprocessing = 0;
		};
/* End PBXSourcesBuildPhase section */

/* Begin PBXTargetDependency section */
		B897AC8819E4AC8700820251 /* PBXTargetDependency */ = {
			isa = PBXTargetDependency;
			target = B897AC7019E4AC8700820251 /* TAP Metronome-Swift */;
			targetProxy = B897AC8719E4AC8700820251 /* PBXContainerItemProxy */;
		};
/* End PBXTargetDependency section */

/* Begin PBXVariantGroup section */
		B897AC7A19E4AC8700820251 /* Main.storyboard */ = {
			isa = PBXVariantGroup;
			children = (
				B897AC7B19E4AC8700820251 /* Base */,
			);
			name = Main.storyboard;
			sourceTree = "<group>";
		};
		B897AC7F19E4AC8700820251 /* LaunchScreen.xib */ = {
			isa = PBXVariantGroup;
			children = (
				B897AC8019E4AC8700820251 /* Base */,
			);
			name = LaunchScreen.xib;
			sourceTree = "<group>";
		};
/* End PBXVariantGroup section */

/* Begin XCBuildConfiguration section */
		B897AC8E19E4AC8700820251 /* Debug */ = {
			isa = XCBuildConfiguration;
			buildSettings = {
				ALWAYS_SEARCH_USER_PATHS = NO;
				CLANG_CXX_LANGUAGE_STANDARD = "gnu++0x";
				CLANG_CXX_LIBRARY = "libc++";
				CLANG_ENABLE_MODULES = YES;
				CLANG_ENABLE_OBJC_ARC = YES;
				CLANG_WARN_BOOL_CONVERSION = YES;
				CLANG_WARN_CONSTANT_CONVERSION = YES;
				CLANG_WARN_DIRECT_OBJC_ISA_USAGE = YES_ERROR;
				CLANG_WARN_EMPTY_BODY = YES;
				CLANG_WARN_ENUM_CONVERSION = YES;
				CLANG_WARN_INT_CONVERSION = YES;
				CLANG_WARN_OBJC_ROOT_CLASS = YES_ERROR;
				CLANG_WARN_UNREACHABLE_CODE = YES;
				CLANG_WARN__DUPLICATE_METHOD_MATCH = YES;
				CODE_SIGN_IDENTITY = "iPhone Developer: tml_lover@mac.com (BRUN4R8X84)";
				"CODE_SIGN_IDENTITY[sdk=iphoneos*]" = "iPhone Developer: tml_lover@mac.com (BRUN4R8X84)";
				COPY_PHASE_STRIP = NO;
				DEVELOPMENT_TEAM = F9JXH3N2LB;
				ENABLE_STRICT_OBJC_MSGSEND = YES;
				GCC_C_LANGUAGE_STANDARD = gnu99;
				GCC_DYNAMIC_NO_PIC = NO;
				GCC_OPTIMIZATION_LEVEL = 0;
				GCC_PREPROCESSOR_DEFINITIONS = (
					"DEBUG=1",
					"$(inherited)",
				);
				GCC_SYMBOLS_PRIVATE_EXTERN = NO;
				GCC_WARN_64_TO_32_BIT_CONVERSION = YES;
				GCC_WARN_ABOUT_RETURN_TYPE = YES_ERROR;
				GCC_WARN_UNDECLARED_SELECTOR = YES;
				GCC_WARN_UNINITIALIZED_AUTOS = YES_AGGRESSIVE;
				GCC_WARN_UNUSED_FUNCTION = YES;
				GCC_WARN_UNUSED_VARIABLE = YES;
				IPHONEOS_DEPLOYMENT_TARGET = 8.0;
				MTL_ENABLE_DEBUG_INFO = YES;
				ONLY_ACTIVE_ARCH = YES;
				SDKROOT = iphoneos;
				SWIFT_OPTIMIZATION_LEVEL = "-Onone";
				TARGETED_DEVICE_FAMILY = "1,2";
			};
			name = Debug;
		};
		B897AC8F19E4AC8700820251 /* Release */ = {
			isa = XCBuildConfiguration;
			buildSettings = {
				ALWAYS_SEARCH_USER_PATHS = NO;
				CLANG_CXX_LANGUAGE_STANDARD = "gnu++0x";
				CLANG_CXX_LIBRARY = "libc++";
				CLANG_ENABLE_MODULES = YES;
				CLANG_ENABLE_OBJC_ARC = YES;
				CLANG_WARN_BOOL_CONVERSION = YES;
				CLANG_WARN_CONSTANT_CONVERSION = YES;
				CLANG_WARN_DIRECT_OBJC_ISA_USAGE = YES_ERROR;
				CLANG_WARN_EMPTY_BODY = YES;
				CLANG_WARN_ENUM_CONVERSION = YES;
				CLANG_WARN_INT_CONVERSION = YES;
				CLANG_WARN_OBJC_ROOT_CLASS = YES_ERROR;
				CLANG_WARN_UNREACHABLE_CODE = YES;
				CLANG_WARN__DUPLICATE_METHOD_MATCH = YES;
				"CODE_SIGN_IDENTITY[sdk=iphoneos*]" = "";
				COPY_PHASE_STRIP = YES;
				ENABLE_NS_ASSERTIONS = NO;
				ENABLE_STRICT_OBJC_MSGSEND = YES;
				GCC_C_LANGUAGE_STANDARD = gnu99;
				GCC_WARN_64_TO_32_BIT_CONVERSION = YES;
				GCC_WARN_ABOUT_RETURN_TYPE = YES_ERROR;
				GCC_WARN_UNDECLARED_SELECTOR = YES;
				GCC_WARN_UNINITIALIZED_AUTOS = YES_AGGRESSIVE;
				GCC_WARN_UNUSED_FUNCTION = YES;
				GCC_WARN_UNUSED_VARIABLE = YES;
				IPHONEOS_DEPLOYMENT_TARGET = 8.0;
				MTL_ENABLE_DEBUG_INFO = NO;
				ONLY_ACTIVE_ARCH = NO;
				SDKROOT = iphoneos;
				TARGETED_DEVICE_FAMILY = "1,2";
				VALIDATE_PRODUCT = YES;
			};
			name = Release;
		};
		B897AC9119E4AC8700820251 /* Debug */ = {
			isa = XCBuildConfiguration;
			buildSettings = {
				ASSETCATALOG_COMPILER_APPICON_NAME = AppIcon;
				CODE_SIGN_IDENTITY = "iPhone Developer";
				INFOPLIST_FILE = "Metronome-Swift/Info.plist";
				LD_RUNPATH_SEARCH_PATHS = "$(inherited) @executable_path/Frameworks";
				PRODUCT_NAME = "TAP Metronome-Swift";
				SWIFT_VERSION = 3.0;
			};
			name = Debug;
		};
		B897AC9219E4AC8700820251 /* Release */ = {
			isa = XCBuildConfiguration;
			buildSettings = {
				ASSETCATALOG_COMPILER_APPICON_NAME = AppIcon;
				CODE_SIGN_IDENTITY = "iPhone Developer";
				INFOPLIST_FILE = "Metronome-Swift/Info.plist";
				LD_RUNPATH_SEARCH_PATHS = "$(inherited) @executable_path/Frameworks";
				PRODUCT_NAME = "TAP Metronome-Swift";
				SWIFT_VERSION = 3.0;
			};
			name = Release;
		};
		B897AC9419E4AC8700820251 /* Debug */ = {
			isa = XCBuildConfiguration;
			buildSettings = {
				BUNDLE_LOADER = "$(TEST_HOST)";
				FRAMEWORK_SEARCH_PATHS = (
					"$(SDKROOT)/Developer/Library/Frameworks",
					"$(inherited)",
				);
				GCC_PREPROCESSOR_DEFINITIONS = (
					"DEBUG=1",
					"$(inherited)",
				);
				INFOPLIST_FILE = "Metronome-SwiftTests/Info.plist";
				LD_RUNPATH_SEARCH_PATHS = "$(inherited) @executable_path/Frameworks @loader_path/Frameworks";
				PRODUCT_NAME = "TAP Metronome-SwiftTests";
				TEST_HOST = "$(BUILT_PRODUCTS_DIR)/Metronome-Swift.app/Metronome-Swift";
			};
			name = Debug;
		};
		B897AC9519E4AC8700820251 /* Release */ = {
			isa = XCBuildConfiguration;
			buildSettings = {
				BUNDLE_LOADER = "$(TEST_HOST)";
				FRAMEWORK_SEARCH_PATHS = (
					"$(SDKROOT)/Developer/Library/Frameworks",
					"$(inherited)",
				);
				INFOPLIST_FILE = "Metronome-SwiftTests/Info.plist";
				LD_RUNPATH_SEARCH_PATHS = "$(inherited) @executable_path/Frameworks @loader_path/Frameworks";
				PRODUCT_NAME = "TAP Metronome-SwiftTests";
				TEST_HOST = "$(BUILT_PRODUCTS_DIR)/Metronome-Swift.app/Metronome-Swift";
			};
			name = Release;
		};
/* End XCBuildConfiguration section */

/* Begin XCConfigurationList section */
		B897AC6C19E4AC8700820251 /* Build configuration list for PBXProject "TAP Metronome" */ = {
			isa = XCConfigurationList;
			buildConfigurations = (
				B897AC8E19E4AC8700820251 /* Debug */,
				B897AC8F19E4AC8700820251 /* Release */,
			);
			defaultConfigurationIsVisible = 0;
			defaultConfigurationName = Release;
		};
		B897AC9019E4AC8700820251 /* Build configuration list for PBXNativeTarget "TAP Metronome-Swift" */ = {
			isa = XCConfigurationList;
			buildConfigurations = (
				B897AC9119E4AC8700820251 /* Debug */,
				B897AC9219E4AC8700820251 /* Release */,
			);
			defaultConfigurationIsVisible = 0;
			defaultConfigurationName = Release;
		};
		B897AC9319E4AC8700820251 /* Build configuration list for PBXNativeTarget "TAP Metronome-SwiftTests" */ = {
			isa = XCConfigurationList;
			buildConfigurations = (
				B897AC9419E4AC8700820251 /* Debug */,
				B897AC9519E4AC8700820251 /* Release */,
			);
			defaultConfigurationIsVisible = 0;
			defaultConfigurationName = Release;
		};
/* End XCConfigurationList section */
	};
	rootObject = B897AC6919E4AC8700820251 /* Project object */;
}
